
Microsoft Visual Studio Solution File, Format Version 12.00
# Visual Studio Version 17
VisualStudioVersion = 17.8.34309.116
MinimumVisualStudioVersion = 10.0.40219.1
Project("{FAE04EC0-301F-11D3-BF4B-00C04F79EFBC}") = "WeatherApp", "WeatherApp\WeatherApp.csproj", "{8B85BB6B-D705-4405-A69F-3DDC311EE21C}"
EndProject
Project("{FAE04EC0-301F-11D3-BF4B-00C04F79EFBC}") = "WeatherApp.Model", "WeatherApp.Model\WeatherApp.Model.csproj", "{063D2766-ECDB-4D9B-BBD5-AEEE13F4B95D}"
EndProject
Project("{FAE04EC0-301F-11D3-BF4B-00C04F79EFBC}") = "WeatherApp.Business", "WeatherApp.Business\WeatherApp.Business.csproj", "{F2271179-2DE8-4974-A9CB-588B51B8B767}"
EndProject
Project("{FAE04EC0-301F-11D3-BF4B-00C04F79EFBC}") = "WeatherApp.Data", "WeatherApp.Data\WeatherApp.Data.csproj", "{FCF29948-7660-4DC6-B1EA-F907B5238B70}"
EndProject
Global
	GlobalSection(SolutionConfigurationPlatforms) = preSolution
		Debug|Any CPU = Debug|Any CPU
		Release|Any CPU = Release|Any CPU
	EndGlobalSection
	GlobalSection(ProjectConfigurationPlatforms) = postSolution
		{8B85BB6B-D705-4405-A69F-3DDC311EE21C}.Debug|Any CPU.ActiveCfg = Debug|Any CPU
		{8B85BB6B-D705-4405-A69F-3DDC311EE21C}.Debug|Any CPU.Build.0 = Debug|Any CPU
		{8B85BB6B-D705-4405-A69F-3DDC311EE21C}.Release|Any CPU.ActiveCfg = Release|Any CPU
		{8B85BB6B-D705-4405-A69F-3DDC311EE21C}.Release|Any CPU.Build.0 = Release|Any CPU
		{063D2766-ECDB-4D9B-BBD5-AEEE13F4B95D}.Debug|Any CPU.ActiveCfg = Debug|Any CPU
		{063D2766-ECDB-4D9B-BBD5-AEEE13F4B95D}.Debug|Any CPU.Build.0 = Debug|Any CPU
		{063D2766-ECDB-4D9B-BBD5-AEEE13F4B95D}.Release|Any CPU.ActiveCfg = Release|Any CPU
		{063D2766-ECDB-4D9B-BBD5-AEEE13F4B95D}.Release|Any CPU.Build.0 = Release|Any CPU
		{F2271179-2DE8-4974-A9CB-588B51B8B767}.Debug|Any CPU.ActiveCfg = Debug|Any CPU
		{F2271179-2DE8-4974-A9CB-588B51B8B767}.Debug|Any CPU.Build.0 = Debug|Any CPU
		{F2271179-2DE8-4974-A9CB-588B51B8B767}.Release|Any CPU.ActiveCfg = Release|Any CPU
		{F2271179-2DE8-4974-A9CB-588B51B8B767}.Release|Any CPU.Build.0 = Release|Any CPU
		{FCF29948-7660-4DC6-B1EA-F907B5238B70}.Debug|Any CPU.ActiveCfg = Debug|Any CPU
		{FCF29948-7660-4DC6-B1EA-F907B5238B70}.Debug|Any CPU.Build.0 = Debug|Any CPU
		{FCF29948-7660-4DC6-B1EA-F907B5238B70}.Release|Any CPU.ActiveCfg = Release|Any CPU
		{FCF29948-7660-4DC6-B1EA-F907B5238B70}.Release|Any CPU.Build.0 = Release|Any CPU
	EndGlobalSection
	GlobalSection(SolutionProperties) = preSolution
		HideSolutionNode = FALSE
	EndGlobalSection
	GlobalSection(ExtensibilityGlobals) = postSolution
		SolutionGuid = {05F41004-B5BB-4998-8C4B-B775CCC69789}
	EndGlobalSection
EndGlobal
